
Microsoft Visual Studio Solution File, Format Version 12.00
# Visual Studio Express 2013 for Web
VisualStudioVersion = 12.0.21005.1
MinimumVisualStudioVersion = 10.0.40219.1
Project("{FAE04EC0-301F-11D3-BF4B-00C04F79EFBC}") = "MessageEmotionQuerySystem.WebApi", "MessageEmotionQuerySystem.WebApi\MessageEmotionQuerySystem.WebApi.csproj", "{A16F10DC-DCB4-4E18-A1A7-A79D434564D9}"
EndProject
Project("{FAE04EC0-301F-11D3-BF4B-00C04F79EFBC}") = "MessageAnalyzer.Base", "MessageAnalyzer.Base\MessageAnalyzer.Base.csproj", "{52584D8F-1CE6-47FB-BBDB-67525B6CE67C}"
EndProject
Project("{FAE04EC0-301F-11D3-BF4B-00C04F79EFBC}") = "MessageAnalyzer.en-US", "MessageAnalyzer.en-US\MessageAnalyzer.en-US.csproj", "{F1630820-4448-4414-89E4-40D6A30CA50D}"
EndProject
Project("{FAE04EC0-301F-11D3-BF4B-00C04F79EFBC}") = "MessageAnalyzer.en-US.Tests", "MessageAnalyzer.en-US.Tests\MessageAnalyzer.en-US.Tests.csproj", "{D7CA75F1-E541-488F-BD55-091352C7D915}"
EndProject
Project("{FAE04EC0-301F-11D3-BF4B-00C04F79EFBC}") = "Utilities", "Utilities\Utilities.csproj", "{FFEE0A64-32E3-4CA1-BB30-F4B181A1FA8D}"
EndProject
Global
	GlobalSection(SolutionConfigurationPlatforms) = preSolution
		Debug|Any CPU = Debug|Any CPU
		Release|Any CPU = Release|Any CPU
	EndGlobalSection
	GlobalSection(ProjectConfigurationPlatforms) = postSolution
		{A16F10DC-DCB4-4E18-A1A7-A79D434564D9}.Debug|Any CPU.ActiveCfg = Debug|Any CPU
		{A16F10DC-DCB4-4E18-A1A7-A79D434564D9}.Debug|Any CPU.Build.0 = Debug|Any CPU
		{A16F10DC-DCB4-4E18-A1A7-A79D434564D9}.Release|Any CPU.ActiveCfg = Release|Any CPU
		{A16F10DC-DCB4-4E18-A1A7-A79D434564D9}.Release|Any CPU.Build.0 = Release|Any CPU
		{52584D8F-1CE6-47FB-BBDB-67525B6CE67C}.Debug|Any CPU.ActiveCfg = Debug|Any CPU
		{52584D8F-1CE6-47FB-BBDB-67525B6CE67C}.Debug|Any CPU.Build.0 = Debug|Any CPU
		{52584D8F-1CE6-47FB-BBDB-67525B6CE67C}.Release|Any CPU.ActiveCfg = Release|Any CPU
		{52584D8F-1CE6-47FB-BBDB-67525B6CE67C}.Release|Any CPU.Build.0 = Release|Any CPU
		{F1630820-4448-4414-89E4-40D6A30CA50D}.Debug|Any CPU.ActiveCfg = Debug|Any CPU
		{F1630820-4448-4414-89E4-40D6A30CA50D}.Debug|Any CPU.Build.0 = Debug|Any CPU
		{F1630820-4448-4414-89E4-40D6A30CA50D}.Release|Any CPU.ActiveCfg = Release|Any CPU
		{F1630820-4448-4414-89E4-40D6A30CA50D}.Release|Any CPU.Build.0 = Release|Any CPU
		{D7CA75F1-E541-488F-BD55-091352C7D915}.Debug|Any CPU.ActiveCfg = Debug|Any CPU
		{D7CA75F1-E541-488F-BD55-091352C7D915}.Debug|Any CPU.Build.0 = Debug|Any CPU
		{D7CA75F1-E541-488F-BD55-091352C7D915}.Release|Any CPU.ActiveCfg = Release|Any CPU
		{D7CA75F1-E541-488F-BD55-091352C7D915}.Release|Any CPU.Build.0 = Release|Any CPU
		{FFEE0A64-32E3-4CA1-BB30-F4B181A1FA8D}.Debug|Any CPU.ActiveCfg = Debug|Any CPU
		{FFEE0A64-32E3-4CA1-BB30-F4B181A1FA8D}.Debug|Any CPU.Build.0 = Debug|Any CPU
		{FFEE0A64-32E3-4CA1-BB30-F4B181A1FA8D}.Release|Any CPU.ActiveCfg = Release|Any CPU
		{FFEE0A64-32E3-4CA1-BB30-F4B181A1FA8D}.Release|Any CPU.Build.0 = Release|Any CPU
	EndGlobalSection
	GlobalSection(SolutionProperties) = preSolution
		HideSolutionNode = FALSE
	EndGlobalSection
EndGlobal
